
Microsoft Visual Studio Solution File, Format Version 12.00
# Visual Studio Version 17
VisualStudioVersion = 17.10.34928.147
MinimumVisualStudioVersion = 10.0.40219.1
Project("{C7167F0D-BC9F-4E6E-AFE1-012C56B48DB5}") = "AppPackaging", "AppPackaging\AppPackaging.wapproj", "{EF4F95A3-3AC7-4828-A8C2-15B0CDF023C9}"
EndProject
Project("{9A19103F-16F7-4668-BE54-9A1E7A4F7556}") = "TCommon", "TCommon\TCommon.csproj", "{E8A349D1-29BA-4AF6-8BE8-DC5FB35C48CA}"
EndProject
Project("{9A19103F-16F7-4668-BE54-9A1E7A4F7556}") = "TDevice", "TDevice\TDevice.csproj", "{0F46F536-E9B2-4136-BCE6-540ADAFEB508}"
EndProject
Project("{9A19103F-16F7-4668-BE54-9A1E7A4F7556}") = "TConnection.Abstract", "TConnection.Abstract\TConnection.Abstract.csproj", "{1D80A1DF-C61F-4092-B2B0-756984533E28}"
EndProject
Project("{9A19103F-16F7-4668-BE54-9A1E7A4F7556}") = "TConnection.Recorder", "TConnection.Recorder\TConnection.Recorder.csproj", "{BCCED1EE-D0D7-4D79-9BFC-8D07EB84761D}"
EndProject
Project("{2150E333-8FDC-42A3-9474-1A3956D46DE8}") = "Test", "Test", "{87C8411A-1252-41A0-B79D-9F3F42DFA022}"
EndProject
Project("{9A19103F-16F7-4668-BE54-9A1E7A4F7556}") = "TConnection.RecorderTests", "TConnection.RecorderTests\TConnection.RecorderTests.csproj", "{00B37B3A-7EB5-4F72-8916-A2D256E415E7}"
EndProject
Project("{9A19103F-16F7-4668-BE54-9A1E7A4F7556}") = "TConnection.Factory", "TConnection.Factory\TConnection.Factory.csproj", "{F7ACB6DC-BD76-4FA6-BD08-F35C92F2FDB8}"
EndProject
Project("{9A19103F-16F7-4668-BE54-9A1E7A4F7556}") = "TConnection.Connection", "TConnection.Connection\TConnection.Connection.csproj", "{5DF84DC3-AAE2-4FB8-8990-B389D997B995}"
EndProject
Project("{9A19103F-16F7-4668-BE54-9A1E7A4F7556}") = "TConnection.ConnectionTests", "TConnection.ConnectionTests\TConnection.ConnectionTests.csproj", "{B514FA65-7B66-4F7D-A1EE-55D43B01CA01}"
EndProject
Project("{9A19103F-16F7-4668-BE54-9A1E7A4F7556}") = "TCommonTests", "TCommonTests\TCommonTests.csproj", "{304AA525-A61E-4767-8C96-E7AA8132CC2F}"
EndProject
Project("{9A19103F-16F7-4668-BE54-9A1E7A4F7556}") = "TConnection.App", "TConnection.App\TConnection.App.csproj", "{40AA9521-61C4-4466-92C5-1F9EE66A2ABB}"
EndProject
Project("{FAE04EC0-301F-11D3-BF4B-00C04F79EFBC}") = "DemoWebApi", "DemoWebApi\DemoWebApi.csproj", "{EB14C620-389B-4BBF-A884-EECA24B7295A}"
EndProject
Global
	GlobalSection(SolutionConfigurationPlatforms) = preSolution
		Debug|Any CPU = Debug|Any CPU
		Debug|ARM = Debug|ARM
		Debug|ARM64 = Debug|ARM64
		Debug|x64 = Debug|x64
		Debug|x86 = Debug|x86
		Release|Any CPU = Release|Any CPU
		Release|ARM = Release|ARM
		Release|ARM64 = Release|ARM64
		Release|x64 = Release|x64
		Release|x86 = Release|x86
	EndGlobalSection
	GlobalSection(ProjectConfigurationPlatforms) = postSolution
		{EF4F95A3-3AC7-4828-A8C2-15B0CDF023C9}.Debug|Any CPU.ActiveCfg = Debug|Any CPU
		{EF4F95A3-3AC7-4828-A8C2-15B0CDF023C9}.Debug|Any CPU.Build.0 = Debug|Any CPU
		{EF4F95A3-3AC7-4828-A8C2-15B0CDF023C9}.Debug|Any CPU.Deploy.0 = Debug|Any CPU
		{EF4F95A3-3AC7-4828-A8C2-15B0CDF023C9}.Debug|ARM.ActiveCfg = Debug|ARM
		{EF4F95A3-3AC7-4828-A8C2-15B0CDF023C9}.Debug|ARM.Build.0 = Debug|ARM
		{EF4F95A3-3AC7-4828-A8C2-15B0CDF023C9}.Debug|ARM.Deploy.0 = Debug|ARM
		{EF4F95A3-3AC7-4828-A8C2-15B0CDF023C9}.Debug|ARM64.ActiveCfg = Debug|ARM64
		{EF4F95A3-3AC7-4828-A8C2-15B0CDF023C9}.Debug|ARM64.Build.0 = Debug|ARM64
		{EF4F95A3-3AC7-4828-A8C2-15B0CDF023C9}.Debug|ARM64.Deploy.0 = Debug|ARM64
		{EF4F95A3-3AC7-4828-A8C2-15B0CDF023C9}.Debug|x64.ActiveCfg = Debug|x64
		{EF4F95A3-3AC7-4828-A8C2-15B0CDF023C9}.Debug|x64.Build.0 = Debug|x64
		{EF4F95A3-3AC7-4828-A8C2-15B0CDF023C9}.Debug|x64.Deploy.0 = Debug|x64
		{EF4F95A3-3AC7-4828-A8C2-15B0CDF023C9}.Debug|x86.ActiveCfg = Debug|x86
		{EF4F95A3-3AC7-4828-A8C2-15B0CDF023C9}.Debug|x86.Build.0 = Debug|x86
		{EF4F95A3-3AC7-4828-A8C2-15B0CDF023C9}.Debug|x86.Deploy.0 = Debug|x86
		{EF4F95A3-3AC7-4828-A8C2-15B0CDF023C9}.Release|Any CPU.ActiveCfg = Release|Any CPU
		{EF4F95A3-3AC7-4828-A8C2-15B0CDF023C9}.Release|Any CPU.Build.0 = Release|Any CPU
		{EF4F95A3-3AC7-4828-A8C2-15B0CDF023C9}.Release|Any CPU.Deploy.0 = Release|Any CPU
		{EF4F95A3-3AC7-4828-A8C2-15B0CDF023C9}.Release|ARM.ActiveCfg = Release|ARM
		{EF4F95A3-3AC7-4828-A8C2-15B0CDF023C9}.Release|ARM.Build.0 = Release|ARM
		{EF4F95A3-3AC7-4828-A8C2-15B0CDF023C9}.Release|ARM.Deploy.0 = Release|ARM
		{EF4F95A3-3AC7-4828-A8C2-15B0CDF023C9}.Release|ARM64.ActiveCfg = Release|ARM64
		{EF4F95A3-3AC7-4828-A8C2-15B0CDF023C9}.Release|ARM64.Build.0 = Release|ARM64
		{EF4F95A3-3AC7-4828-A8C2-15B0CDF023C9}.Release|ARM64.Deploy.0 = Release|ARM64
		{EF4F95A3-3AC7-4828-A8C2-15B0CDF023C9}.Release|x64.ActiveCfg = Release|x64
		{EF4F95A3-3AC7-4828-A8C2-15B0CDF023C9}.Release|x64.Build.0 = Release|x64
		{EF4F95A3-3AC7-4828-A8C2-15B0CDF023C9}.Release|x64.Deploy.0 = Release|x64
		{EF4F95A3-3AC7-4828-A8C2-15B0CDF023C9}.Release|x86.ActiveCfg = Release|x86
		{EF4F95A3-3AC7-4828-A8C2-15B0CDF023C9}.Release|x86.Build.0 = Release|x86
		{EF4F95A3-3AC7-4828-A8C2-15B0CDF023C9}.Release|x86.Deploy.0 = Release|x86
		{E8A349D1-29BA-4AF6-8BE8-DC5FB35C48CA}.Debug|Any CPU.ActiveCfg = Debug|Any CPU
		{E8A349D1-29BA-4AF6-8BE8-DC5FB35C48CA}.Debug|Any CPU.Build.0 = Debug|Any CPU
		{E8A349D1-29BA-4AF6-8BE8-DC5FB35C48CA}.Debug|ARM.ActiveCfg = Debug|Any CPU
		{E8A349D1-29BA-4AF6-8BE8-DC5FB35C48CA}.Debug|ARM.Build.0 = Debug|Any CPU
		{E8A349D1-29BA-4AF6-8BE8-DC5FB35C48CA}.Debug|ARM64.ActiveCfg = Debug|Any CPU
		{E8A349D1-29BA-4AF6-8BE8-DC5FB35C48CA}.Debug|ARM64.Build.0 = Debug|Any CPU
		{E8A349D1-29BA-4AF6-8BE8-DC5FB35C48CA}.Debug|x64.ActiveCfg = Debug|Any CPU
		{E8A349D1-29BA-4AF6-8BE8-DC5FB35C48CA}.Debug|x64.Build.0 = Debug|Any CPU
		{E8A349D1-29BA-4AF6-8BE8-DC5FB35C48CA}.Debug|x86.ActiveCfg = Debug|Any CPU
		{E8A349D1-29BA-4AF6-8BE8-DC5FB35C48CA}.Debug|x86.Build.0 = Debug|Any CPU
		{E8A349D1-29BA-4AF6-8BE8-DC5FB35C48CA}.Release|Any CPU.ActiveCfg = Release|Any CPU
		{E8A349D1-29BA-4AF6-8BE8-DC5FB35C48CA}.Release|Any CPU.Build.0 = Release|Any CPU
		{E8A349D1-29BA-4AF6-8BE8-DC5FB35C48CA}.Release|ARM.ActiveCfg = Release|Any CPU
		{E8A349D1-29BA-4AF6-8BE8-DC5FB35C48CA}.Release|ARM.Build.0 = Release|Any CPU
		{E8A349D1-29BA-4AF6-8BE8-DC5FB35C48CA}.Release|ARM64.ActiveCfg = Release|Any CPU
		{E8A349D1-29BA-4AF6-8BE8-DC5FB35C48CA}.Release|ARM64.Build.0 = Release|Any CPU
		{E8A349D1-29BA-4AF6-8BE8-DC5FB35C48CA}.Release|x64.ActiveCfg = Release|Any CPU
		{E8A349D1-29BA-4AF6-8BE8-DC5FB35C48CA}.Release|x64.Build.0 = Release|Any CPU
		{E8A349D1-29BA-4AF6-8BE8-DC5FB35C48CA}.Release|x86.ActiveCfg = Release|Any CPU
		{E8A349D1-29BA-4AF6-8BE8-DC5FB35C48CA}.Release|x86.Build.0 = Release|Any CPU
		{0F46F536-E9B2-4136-BCE6-540ADAFEB508}.Debug|Any CPU.ActiveCfg = Debug|Any CPU
		{0F46F536-E9B2-4136-BCE6-540ADAFEB508}.Debug|Any CPU.Build.0 = Debug|Any CPU
		{0F46F536-E9B2-4136-BCE6-540ADAFEB508}.Debug|ARM.ActiveCfg = Debug|Any CPU
		{0F46F536-E9B2-4136-BCE6-540ADAFEB508}.Debug|ARM.Build.0 = Debug|Any CPU
		{0F46F536-E9B2-4136-BCE6-540ADAFEB508}.Debug|ARM64.ActiveCfg = Debug|Any CPU
		{0F46F536-E9B2-4136-BCE6-540ADAFEB508}.Debug|ARM64.Build.0 = Debug|Any CPU
		{0F46F536-E9B2-4136-BCE6-540ADAFEB508}.Debug|x64.ActiveCfg = Debug|Any CPU
		{0F46F536-E9B2-4136-BCE6-540ADAFEB508}.Debug|x64.Build.0 = Debug|Any CPU
		{0F46F536-E9B2-4136-BCE6-540ADAFEB508}.Debug|x86.ActiveCfg = Debug|Any CPU
		{0F46F536-E9B2-4136-BCE6-540ADAFEB508}.Debug|x86.Build.0 = Debug|Any CPU
		{0F46F536-E9B2-4136-BCE6-540ADAFEB508}.Release|Any CPU.ActiveCfg = Release|Any CPU
		{0F46F536-E9B2-4136-BCE6-540ADAFEB508}.Release|Any CPU.Build.0 = Release|Any CPU
		{0F46F536-E9B2-4136-BCE6-540ADAFEB508}.Release|ARM.ActiveCfg = Release|Any CPU
		{0F46F536-E9B2-4136-BCE6-540ADAFEB508}.Release|ARM.Build.0 = Release|Any CPU
		{0F46F536-E9B2-4136-BCE6-540ADAFEB508}.Release|ARM64.ActiveCfg = Release|Any CPU
		{0F46F536-E9B2-4136-BCE6-540ADAFEB508}.Release|ARM64.Build.0 = Release|Any CPU
		{0F46F536-E9B2-4136-BCE6-540ADAFEB508}.Release|x64.ActiveCfg = Release|Any CPU
		{0F46F536-E9B2-4136-BCE6-540ADAFEB508}.Release|x64.Build.0 = Release|Any CPU
		{0F46F536-E9B2-4136-BCE6-540ADAFEB508}.Release|x86.ActiveCfg = Release|Any CPU
		{0F46F536-E9B2-4136-BCE6-540ADAFEB508}.Release|x86.Build.0 = Release|Any CPU
		{1D80A1DF-C61F-4092-B2B0-756984533E28}.Debug|Any CPU.ActiveCfg = Debug|Any CPU
		{1D80A1DF-C61F-4092-B2B0-756984533E28}.Debug|Any CPU.Build.0 = Debug|Any CPU
		{1D80A1DF-C61F-4092-B2B0-756984533E28}.Debug|ARM.ActiveCfg = Debug|Any CPU
		{1D80A1DF-C61F-4092-B2B0-756984533E28}.Debug|ARM.Build.0 = Debug|Any CPU
		{1D80A1DF-C61F-4092-B2B0-756984533E28}.Debug|ARM64.ActiveCfg = Debug|Any CPU
		{1D80A1DF-C61F-4092-B2B0-756984533E28}.Debug|ARM64.Build.0 = Debug|Any CPU
		{1D80A1DF-C61F-4092-B2B0-756984533E28}.Debug|x64.ActiveCfg = Debug|Any CPU
		{1D80A1DF-C61F-4092-B2B0-756984533E28}.Debug|x64.Build.0 = Debug|Any CPU
		{1D80A1DF-C61F-4092-B2B0-756984533E28}.Debug|x86.ActiveCfg = Debug|Any CPU
		{1D80A1DF-C61F-4092-B2B0-756984533E28}.Debug|x86.Build.0 = Debug|Any CPU
		{1D80A1DF-C61F-4092-B2B0-756984533E28}.Release|Any CPU.ActiveCfg = Release|Any CPU
		{1D80A1DF-C61F-4092-B2B0-756984533E28}.Release|Any CPU.Build.0 = Release|Any CPU
		{1D80A1DF-C61F-4092-B2B0-756984533E28}.Release|ARM.ActiveCfg = Release|Any CPU
		{1D80A1DF-C61F-4092-B2B0-756984533E28}.Release|ARM.Build.0 = Release|Any CPU
		{1D80A1DF-C61F-4092-B2B0-756984533E28}.Release|ARM64.ActiveCfg = Release|Any CPU
		{1D80A1DF-C61F-4092-B2B0-756984533E28}.Release|ARM64.Build.0 = Release|Any CPU
		{1D80A1DF-C61F-4092-B2B0-756984533E28}.Release|x64.ActiveCfg = Release|Any CPU
		{1D80A1DF-C61F-4092-B2B0-756984533E28}.Release|x64.Build.0 = Release|Any CPU
		{1D80A1DF-C61F-4092-B2B0-756984533E28}.Release|x86.ActiveCfg = Release|Any CPU
		{1D80A1DF-C61F-4092-B2B0-756984533E28}.Release|x86.Build.0 = Release|Any CPU
		{BCCED1EE-D0D7-4D79-9BFC-8D07EB84761D}.Debug|Any CPU.ActiveCfg = Debug|Any CPU
		{BCCED1EE-D0D7-4D79-9BFC-8D07EB84761D}.Debug|Any CPU.Build.0 = Debug|Any CPU
		{BCCED1EE-D0D7-4D79-9BFC-8D07EB84761D}.Debug|ARM.ActiveCfg = Debug|Any CPU
		{BCCED1EE-D0D7-4D79-9BFC-8D07EB84761D}.Debug|ARM.Build.0 = Debug|Any CPU
		{BCCED1EE-D0D7-4D79-9BFC-8D07EB84761D}.Debug|ARM64.ActiveCfg = Debug|Any CPU
		{BCCED1EE-D0D7-4D79-9BFC-8D07EB84761D}.Debug|ARM64.Build.0 = Debug|Any CPU
		{BCCED1EE-D0D7-4D79-9BFC-8D07EB84761D}.Debug|x64.ActiveCfg = Debug|Any CPU
		{BCCED1EE-D0D7-4D79-9BFC-8D07EB84761D}.Debug|x64.Build.0 = Debug|Any CPU
		{BCCED1EE-D0D7-4D79-9BFC-8D07EB84761D}.Debug|x86.ActiveCfg = Debug|Any CPU
		{BCCED1EE-D0D7-4D79-9BFC-8D07EB84761D}.Debug|x86.Build.0 = Debug|Any CPU
		{BCCED1EE-D0D7-4D79-9BFC-8D07EB84761D}.Release|Any CPU.ActiveCfg = Release|Any CPU
		{BCCED1EE-D0D7-4D79-9BFC-8D07EB84761D}.Release|Any CPU.Build.0 = Release|Any CPU
		{BCCED1EE-D0D7-4D79-9BFC-8D07EB84761D}.Release|ARM.ActiveCfg = Release|Any CPU
		{BCCED1EE-D0D7-4D79-9BFC-8D07EB84761D}.Release|ARM.Build.0 = Release|Any CPU
		{BCCED1EE-D0D7-4D79-9BFC-8D07EB84761D}.Release|ARM64.ActiveCfg = Release|Any CPU
		{BCCED1EE-D0D7-4D79-9BFC-8D07EB84761D}.Release|ARM64.Build.0 = Release|Any CPU
		{BCCED1EE-D0D7-4D79-9BFC-8D07EB84761D}.Release|x64.ActiveCfg = Release|Any CPU
		{BCCED1EE-D0D7-4D79-9BFC-8D07EB84761D}.Release|x64.Build.0 = Release|Any CPU
		{BCCED1EE-D0D7-4D79-9BFC-8D07EB84761D}.Release|x86.ActiveCfg = Release|Any CPU
		{BCCED1EE-D0D7-4D79-9BFC-8D07EB84761D}.Release|x86.Build.0 = Release|Any CPU
		{00B37B3A-7EB5-4F72-8916-A2D256E415E7}.Debug|Any CPU.ActiveCfg = Debug|Any CPU
		{00B37B3A-7EB5-4F72-8916-A2D256E415E7}.Debug|Any CPU.Build.0 = Debug|Any CPU
		{00B37B3A-7EB5-4F72-8916-A2D256E415E7}.Debug|ARM.ActiveCfg = Debug|Any CPU
		{00B37B3A-7EB5-4F72-8916-A2D256E415E7}.Debug|ARM.Build.0 = Debug|Any CPU
		{00B37B3A-7EB5-4F72-8916-A2D256E415E7}.Debug|ARM64.ActiveCfg = Debug|Any CPU
		{00B37B3A-7EB5-4F72-8916-A2D256E415E7}.Debug|ARM64.Build.0 = Debug|Any CPU
		{00B37B3A-7EB5-4F72-8916-A2D256E415E7}.Debug|x64.ActiveCfg = Debug|Any CPU
		{00B37B3A-7EB5-4F72-8916-A2D256E415E7}.Debug|x64.Build.0 = Debug|Any CPU
		{00B37B3A-7EB5-4F72-8916-A2D256E415E7}.Debug|x86.ActiveCfg = Debug|Any CPU
		{00B37B3A-7EB5-4F72-8916-A2D256E415E7}.Debug|x86.Build.0 = Debug|Any CPU
		{00B37B3A-7EB5-4F72-8916-A2D256E415E7}.Release|Any CPU.ActiveCfg = Release|Any CPU
		{00B37B3A-7EB5-4F72-8916-A2D256E415E7}.Release|Any CPU.Build.0 = Release|Any CPU
		{00B37B3A-7EB5-4F72-8916-A2D256E415E7}.Release|ARM.ActiveCfg = Release|Any CPU
		{00B37B3A-7EB5-4F72-8916-A2D256E415E7}.Release|ARM.Build.0 = Release|Any CPU
		{00B37B3A-7EB5-4F72-8916-A2D256E415E7}.Release|ARM64.ActiveCfg = Release|Any CPU
		{00B37B3A-7EB5-4F72-8916-A2D256E415E7}.Release|ARM64.Build.0 = Release|Any CPU
		{00B37B3A-7EB5-4F72-8916-A2D256E415E7}.Release|x64.ActiveCfg = Release|Any CPU
		{00B37B3A-7EB5-4F72-8916-A2D256E415E7}.Release|x64.Build.0 = Release|Any CPU
		{00B37B3A-7EB5-4F72-8916-A2D256E415E7}.Release|x86.ActiveCfg = Release|Any CPU
		{00B37B3A-7EB5-4F72-8916-A2D256E415E7}.Release|x86.Build.0 = Release|Any CPU
		{F7ACB6DC-BD76-4FA6-BD08-F35C92F2FDB8}.Debug|Any CPU.ActiveCfg = Debug|Any CPU
		{F7ACB6DC-BD76-4FA6-BD08-F35C92F2FDB8}.Debug|Any CPU.Build.0 = Debug|Any CPU
		{F7ACB6DC-BD76-4FA6-BD08-F35C92F2FDB8}.Debug|ARM.ActiveCfg = Debug|Any CPU
		{F7ACB6DC-BD76-4FA6-BD08-F35C92F2FDB8}.Debug|ARM.Build.0 = Debug|Any CPU
		{F7ACB6DC-BD76-4FA6-BD08-F35C92F2FDB8}.Debug|ARM64.ActiveCfg = Debug|Any CPU
		{F7ACB6DC-BD76-4FA6-BD08-F35C92F2FDB8}.Debug|ARM64.Build.0 = Debug|Any CPU
		{F7ACB6DC-BD76-4FA6-BD08-F35C92F2FDB8}.Debug|x64.ActiveCfg = Debug|Any CPU
		{F7ACB6DC-BD76-4FA6-BD08-F35C92F2FDB8}.Debug|x64.Build.0 = Debug|Any CPU
		{F7ACB6DC-BD76-4FA6-BD08-F35C92F2FDB8}.Debug|x86.ActiveCfg = Debug|Any CPU
		{F7ACB6DC-BD76-4FA6-BD08-F35C92F2FDB8}.Debug|x86.Build.0 = Debug|Any CPU
		{F7ACB6DC-BD76-4FA6-BD08-F35C92F2FDB8}.Release|Any CPU.ActiveCfg = Release|Any CPU
		{F7ACB6DC-BD76-4FA6-BD08-F35C92F2FDB8}.Release|Any CPU.Build.0 = Release|Any CPU
		{F7ACB6DC-BD76-4FA6-BD08-F35C92F2FDB8}.Release|ARM.ActiveCfg = Release|Any CPU
		{F7ACB6DC-BD76-4FA6-BD08-F35C92F2FDB8}.Release|ARM.Build.0 = Release|Any CPU
		{F7ACB6DC-BD76-4FA6-BD08-F35C92F2FDB8}.Release|ARM64.ActiveCfg = Release|Any CPU
		{F7ACB6DC-BD76-4FA6-BD08-F35C92F2FDB8}.Release|ARM64.Build.0 = Release|Any CPU
		{F7ACB6DC-BD76-4FA6-BD08-F35C92F2FDB8}.Release|x64.ActiveCfg = Release|Any CPU
		{F7ACB6DC-BD76-4FA6-BD08-F35C92F2FDB8}.Release|x64.Build.0 = Release|Any CPU
		{F7ACB6DC-BD76-4FA6-BD08-F35C92F2FDB8}.Release|x86.ActiveCfg = Release|Any CPU
		{F7ACB6DC-BD76-4FA6-BD08-F35C92F2FDB8}.Release|x86.Build.0 = Release|Any CPU
		{5DF84DC3-AAE2-4FB8-8990-B389D997B995}.Debug|Any CPU.ActiveCfg = Debug|Any CPU
		{5DF84DC3-AAE2-4FB8-8990-B389D997B995}.Debug|Any CPU.Build.0 = Debug|Any CPU
		{5DF84DC3-AAE2-4FB8-8990-B389D997B995}.Debug|ARM.ActiveCfg = Debug|Any CPU
		{5DF84DC3-AAE2-4FB8-8990-B389D997B995}.Debug|ARM.Build.0 = Debug|Any CPU
		{5DF84DC3-AAE2-4FB8-8990-B389D997B995}.Debug|ARM64.ActiveCfg = Debug|Any CPU
		{5DF84DC3-AAE2-4FB8-8990-B389D997B995}.Debug|ARM64.Build.0 = Debug|Any CPU
		{5DF84DC3-AAE2-4FB8-8990-B389D997B995}.Debug|x64.ActiveCfg = Debug|Any CPU
		{5DF84DC3-AAE2-4FB8-8990-B389D997B995}.Debug|x64.Build.0 = Debug|Any CPU
		{5DF84DC3-AAE2-4FB8-8990-B389D997B995}.Debug|x86.ActiveCfg = Debug|Any CPU
		{5DF84DC3-AAE2-4FB8-8990-B389D997B995}.Debug|x86.Build.0 = Debug|Any CPU
		{5DF84DC3-AAE2-4FB8-8990-B389D997B995}.Release|Any CPU.ActiveCfg = Release|Any CPU
		{5DF84DC3-AAE2-4FB8-8990-B389D997B995}.Release|Any CPU.Build.0 = Release|Any CPU
		{5DF84DC3-AAE2-4FB8-8990-B389D997B995}.Release|ARM.ActiveCfg = Release|Any CPU
		{5DF84DC3-AAE2-4FB8-8990-B389D997B995}.Release|ARM.Build.0 = Release|Any CPU
		{5DF84DC3-AAE2-4FB8-8990-B389D997B995}.Release|ARM64.ActiveCfg = Release|Any CPU
		{5DF84DC3-AAE2-4FB8-8990-B389D997B995}.Release|ARM64.Build.0 = Release|Any CPU
		{5DF84DC3-AAE2-4FB8-8990-B389D997B995}.Release|x64.ActiveCfg = Release|Any CPU
		{5DF84DC3-AAE2-4FB8-8990-B389D997B995}.Release|x64.Build.0 = Release|Any CPU
		{5DF84DC3-AAE2-4FB8-8990-B389D997B995}.Release|x86.ActiveCfg = Release|Any CPU
		{5DF84DC3-AAE2-4FB8-8990-B389D997B995}.Release|x86.Build.0 = Release|Any CPU
		{B514FA65-7B66-4F7D-A1EE-55D43B01CA01}.Debug|Any CPU.ActiveCfg = Debug|Any CPU
		{B514FA65-7B66-4F7D-A1EE-55D43B01CA01}.Debug|Any CPU.Build.0 = Debug|Any CPU
		{B514FA65-7B66-4F7D-A1EE-55D43B01CA01}.Debug|ARM.ActiveCfg = Debug|Any CPU
		{B514FA65-7B66-4F7D-A1EE-55D43B01CA01}.Debug|ARM.Build.0 = Debug|Any CPU
		{B514FA65-7B66-4F7D-A1EE-55D43B01CA01}.Debug|ARM64.ActiveCfg = Debug|Any CPU
		{B514FA65-7B66-4F7D-A1EE-55D43B01CA01}.Debug|ARM64.Build.0 = Debug|Any CPU
		{B514FA65-7B66-4F7D-A1EE-55D43B01CA01}.Debug|x64.ActiveCfg = Debug|Any CPU
		{B514FA65-7B66-4F7D-A1EE-55D43B01CA01}.Debug|x64.Build.0 = Debug|Any CPU
		{B514FA65-7B66-4F7D-A1EE-55D43B01CA01}.Debug|x86.ActiveCfg = Debug|Any CPU
		{B514FA65-7B66-4F7D-A1EE-55D43B01CA01}.Debug|x86.Build.0 = Debug|Any CPU
		{B514FA65-7B66-4F7D-A1EE-55D43B01CA01}.Release|Any CPU.ActiveCfg = Release|Any CPU
		{B514FA65-7B66-4F7D-A1EE-55D43B01CA01}.Release|Any CPU.Build.0 = Release|Any CPU
		{B514FA65-7B66-4F7D-A1EE-55D43B01CA01}.Release|ARM.ActiveCfg = Release|Any CPU
		{B514FA65-7B66-4F7D-A1EE-55D43B01CA01}.Release|ARM.Build.0 = Release|Any CPU
		{B514FA65-7B66-4F7D-A1EE-55D43B01CA01}.Release|ARM64.ActiveCfg = Release|Any CPU
		{B514FA65-7B66-4F7D-A1EE-55D43B01CA01}.Release|ARM64.Build.0 = Release|Any CPU
		{B514FA65-7B66-4F7D-A1EE-55D43B01CA01}.Release|x64.ActiveCfg = Release|Any CPU
		{B514FA65-7B66-4F7D-A1EE-55D43B01CA01}.Release|x64.Build.0 = Release|Any CPU
		{B514FA65-7B66-4F7D-A1EE-55D43B01CA01}.Release|x86.ActiveCfg = Release|Any CPU
		{B514FA65-7B66-4F7D-A1EE-55D43B01CA01}.Release|x86.Build.0 = Release|Any CPU
		{304AA525-A61E-4767-8C96-E7AA8132CC2F}.Debug|Any CPU.ActiveCfg = Debug|Any CPU
		{304AA525-A61E-4767-8C96-E7AA8132CC2F}.Debug|Any CPU.Build.0 = Debug|Any CPU
		{304AA525-A61E-4767-8C96-E7AA8132CC2F}.Debug|ARM.ActiveCfg = Debug|Any CPU
		{304AA525-A61E-4767-8C96-E7AA8132CC2F}.Debug|ARM.Build.0 = Debug|Any CPU
		{304AA525-A61E-4767-8C96-E7AA8132CC2F}.Debug|ARM64.ActiveCfg = Debug|Any CPU
		{304AA525-A61E-4767-8C96-E7AA8132CC2F}.Debug|ARM64.Build.0 = Debug|Any CPU
		{304AA525-A61E-4767-8C96-E7AA8132CC2F}.Debug|x64.ActiveCfg = Debug|Any CPU
		{304AA525-A61E-4767-8C96-E7AA8132CC2F}.Debug|x64.Build.0 = Debug|Any CPU
		{304AA525-A61E-4767-8C96-E7AA8132CC2F}.Debug|x86.ActiveCfg = Debug|Any CPU
		{304AA525-A61E-4767-8C96-E7AA8132CC2F}.Debug|x86.Build.0 = Debug|Any CPU
		{304AA525-A61E-4767-8C96-E7AA8132CC2F}.Release|Any CPU.ActiveCfg = Release|Any CPU
		{304AA525-A61E-4767-8C96-E7AA8132CC2F}.Release|Any CPU.Build.0 = Release|Any CPU
		{304AA525-A61E-4767-8C96-E7AA8132CC2F}.Release|ARM.ActiveCfg = Release|Any CPU
		{304AA525-A61E-4767-8C96-E7AA8132CC2F}.Release|ARM.Build.0 = Release|Any CPU
		{304AA525-A61E-4767-8C96-E7AA8132CC2F}.Release|ARM64.ActiveCfg = Release|Any CPU
		{304AA525-A61E-4767-8C96-E7AA8132CC2F}.Release|ARM64.Build.0 = Release|Any CPU
		{304AA525-A61E-4767-8C96-E7AA8132CC2F}.Release|x64.ActiveCfg = Release|Any CPU
		{304AA525-A61E-4767-8C96-E7AA8132CC2F}.Release|x64.Build.0 = Release|Any CPU
		{304AA525-A61E-4767-8C96-E7AA8132CC2F}.Release|x86.ActiveCfg = Release|Any CPU
		{304AA525-A61E-4767-8C96-E7AA8132CC2F}.Release|x86.Build.0 = Release|Any CPU
		{40AA9521-61C4-4466-92C5-1F9EE66A2ABB}.Debug|Any CPU.ActiveCfg = Debug|Any CPU
		{40AA9521-61C4-4466-92C5-1F9EE66A2ABB}.Debug|Any CPU.Build.0 = Debug|Any CPU
		{40AA9521-61C4-4466-92C5-1F9EE66A2ABB}.Debug|ARM.ActiveCfg = Debug|Any CPU
		{40AA9521-61C4-4466-92C5-1F9EE66A2ABB}.Debug|ARM.Build.0 = Debug|Any CPU
		{40AA9521-61C4-4466-92C5-1F9EE66A2ABB}.Debug|ARM64.ActiveCfg = Debug|Any CPU
		{40AA9521-61C4-4466-92C5-1F9EE66A2ABB}.Debug|ARM64.Build.0 = Debug|Any CPU
		{40AA9521-61C4-4466-92C5-1F9EE66A2ABB}.Debug|x64.ActiveCfg = Debug|Any CPU
		{40AA9521-61C4-4466-92C5-1F9EE66A2ABB}.Debug|x64.Build.0 = Debug|Any CPU
		{40AA9521-61C4-4466-92C5-1F9EE66A2ABB}.Debug|x86.ActiveCfg = Debug|Any CPU
		{40AA9521-61C4-4466-92C5-1F9EE66A2ABB}.Debug|x86.Build.0 = Debug|Any CPU
		{40AA9521-61C4-4466-92C5-1F9EE66A2ABB}.Release|Any CPU.ActiveCfg = Release|Any CPU
		{40AA9521-61C4-4466-92C5-1F9EE66A2ABB}.Release|Any CPU.Build.0 = Release|Any CPU
		{40AA9521-61C4-4466-92C5-1F9EE66A2ABB}.Release|ARM.ActiveCfg = Release|Any CPU
		{40AA9521-61C4-4466-92C5-1F9EE66A2ABB}.Release|ARM.Build.0 = Release|Any CPU
		{40AA9521-61C4-4466-92C5-1F9EE66A2ABB}.Release|ARM64.ActiveCfg = Release|Any CPU
		{40AA9521-61C4-4466-92C5-1F9EE66A2ABB}.Release|ARM64.Build.0 = Release|Any CPU
		{40AA9521-61C4-4466-92C5-1F9EE66A2ABB}.Release|x64.ActiveCfg = Release|Any CPU
		{40AA9521-61C4-4466-92C5-1F9EE66A2ABB}.Release|x64.Build.0 = Release|Any CPU
		{40AA9521-61C4-4466-92C5-1F9EE66A2ABB}.Release|x86.ActiveCfg = Release|Any CPU
		{40AA9521-61C4-4466-92C5-1F9EE66A2ABB}.Release|x86.Build.0 = Release|Any CPU
		{EB14C620-389B-4BBF-A884-EECA24B7295A}.Debug|Any CPU.ActiveCfg = Debug|Any CPU
		{EB14C620-389B-4BBF-A884-EECA24B7295A}.Debug|Any CPU.Build.0 = Debug|Any CPU
		{EB14C620-389B-4BBF-A884-EECA24B7295A}.Debug|ARM.ActiveCfg = Debug|Any CPU
		{EB14C620-389B-4BBF-A884-EECA24B7295A}.Debug|ARM.Build.0 = Debug|Any CPU
		{EB14C620-389B-4BBF-A884-EECA24B7295A}.Debug|ARM64.ActiveCfg = Debug|Any CPU
		{EB14C620-389B-4BBF-A884-EECA24B7295A}.Debug|ARM64.Build.0 = Debug|Any CPU
		{EB14C620-389B-4BBF-A884-EECA24B7295A}.Debug|x64.ActiveCfg = Debug|Any CPU
		{EB14C620-389B-4BBF-A884-EECA24B7295A}.Debug|x64.Build.0 = Debug|Any CPU
		{EB14C620-389B-4BBF-A884-EECA24B7295A}.Debug|x86.ActiveCfg = Debug|Any CPU
		{EB14C620-389B-4BBF-A884-EECA24B7295A}.Debug|x86.Build.0 = Debug|Any CPU
		{EB14C620-389B-4BBF-A884-EECA24B7295A}.Release|Any CPU.ActiveCfg = Release|Any CPU
		{EB14C620-389B-4BBF-A884-EECA24B7295A}.Release|Any CPU.Build.0 = Release|Any CPU
		{EB14C620-389B-4BBF-A884-EECA24B7295A}.Release|ARM.ActiveCfg = Release|Any CPU
		{EB14C620-389B-4BBF-A884-EECA24B7295A}.Release|ARM.Build.0 = Release|Any CPU
		{EB14C620-389B-4BBF-A884-EECA24B7295A}.Release|ARM64.ActiveCfg = Release|Any CPU
		{EB14C620-389B-4BBF-A884-EECA24B7295A}.Release|ARM64.Build.0 = Release|Any CPU
		{EB14C620-389B-4BBF-A884-EECA24B7295A}.Release|x64.ActiveCfg = Release|Any CPU
		{EB14C620-389B-4BBF-A884-EECA24B7295A}.Release|x64.Build.0 = Release|Any CPU
		{EB14C620-389B-4BBF-A884-EECA24B7295A}.Release|x86.ActiveCfg = Release|Any CPU
		{EB14C620-389B-4BBF-A884-EECA24B7295A}.Release|x86.Build.0 = Release|Any CPU
	EndGlobalSection
	GlobalSection(SolutionProperties) = preSolution
		HideSolutionNode = FALSE
	EndGlobalSection
	GlobalSection(NestedProjects) = preSolution
		{00B37B3A-7EB5-4F72-8916-A2D256E415E7} = {87C8411A-1252-41A0-B79D-9F3F42DFA022}
		{B514FA65-7B66-4F7D-A1EE-55D43B01CA01} = {87C8411A-1252-41A0-B79D-9F3F42DFA022}
		{304AA525-A61E-4767-8C96-E7AA8132CC2F} = {87C8411A-1252-41A0-B79D-9F3F42DFA022}
	EndGlobalSection
	GlobalSection(ExtensibilityGlobals) = postSolution
		SolutionGuid = {51FB2FEB-C906-4CBD-BE23-78FCE0AE5183}
	EndGlobalSection
EndGlobal
